// !$*UTF8*$!
{
	archiveVersion = 1;
	classes = {
	};
	objectVersion = 46;
	objects = {

/* Begin PBXBuildFile section */
		C2B486CC1A168065007FFDEE /* AppDelegate.m in Sources */ = {isa = PBXBuildFile; fileRef = C2B486CB1A168065007FFDEE /* AppDelegate.m */; };
		C2B486CE1A168065007FFDEE /* main.m in Sources */ = {isa = PBXBuildFile; fileRef = C2B486CD1A168065007FFDEE /* main.m */; };
		C2B486D31A168065007FFDEE /* MainMenu.xib in Resources */ = {isa = PBXBuildFile; fileRef = C2B486D11A168065007FFDEE /* MainMenu.xib */; };
		C2B486EA1A1680EC007FFDEE /* StatusItemController.m in Sources */ = {isa = PBXBuildFile; fileRef = C2B486E91A1680EC007FFDEE /* StatusItemController.m */; };
		C2B486F11A16A838007FFDEE /* NSMenuItem+Additions.m in Sources */ = {isa = PBXBuildFile; fileRef = C2B486F01A16A838007FFDEE /* NSMenuItem+Additions.m */; };
		C2B486FD1A16ABD7007FFDEE /* Images.xcassets in Resources */ = {isa = PBXBuildFile; fileRef = C2B486FC1A16ABD7007FFDEE /* Images.xcassets */; };
		C2B487041A16B156007FFDEE /* MPLoginItems.m in Sources */ = {isa = PBXBuildFile; fileRef = C2B487031A16B156007FFDEE /* MPLoginItems.m */; settings = {COMPILER_FLAGS = "-fno-objc-arc"; }; };
/* End PBXBuildFile section */

/* Begin PBXFileReference section */
		C2B486C51A168065007FFDEE /* ColdBrew.app */ = {isa = PBXFileReference; explicitFileType = wrapper.application; includeInIndex = 0; path = ColdBrew.app; sourceTree = BUILT_PRODUCTS_DIR; };
		C2B486C91A168065007FFDEE /* Info.plist */ = {isa = PBXFileReference; lastKnownFileType = text.plist.xml; path = Info.plist; sourceTree = "<group>"; };
		C2B486CA1A168065007FFDEE /* AppDelegate.h */ = {isa = PBXFileReference; lastKnownFileType = sourcecode.c.h; path = AppDelegate.h; sourceTree = "<group>"; };
		C2B486CB1A168065007FFDEE /* AppDelegate.m */ = {isa = PBXFileReference; lastKnownFileType = sourcecode.c.objc; path = AppDelegate.m; sourceTree = "<group>"; };
		C2B486CD1A168065007FFDEE /* main.m */ = {isa = PBXFileReference; lastKnownFileType = sourcecode.c.objc; path = main.m; sourceTree = "<group>"; };
		C2B486D21A168065007FFDEE /* Base */ = {isa = PBXFileReference; lastKnownFileType = file.xib; name = Base; path = Base.lproj/MainMenu.xib; sourceTree = "<group>"; };
		C2B486E81A1680EC007FFDEE /* StatusItemController.h */ = {isa = PBXFileReference; fileEncoding = 4; lastKnownFileType = sourcecode.c.h; path = StatusItemController.h; sourceTree = "<group>"; };
		C2B486E91A1680EC007FFDEE /* StatusItemController.m */ = {isa = PBXFileReference; fileEncoding = 4; lastKnownFileType = sourcecode.c.objc; path = StatusItemController.m; sourceTree = "<group>"; };
		C2B486EF1A16A838007FFDEE /* NSMenuItem+Additions.h */ = {isa = PBXFileReference; fileEncoding = 4; lastKnownFileType = sourcecode.c.h; path = "NSMenuItem+Additions.h"; sourceTree = "<group>"; };
		C2B486F01A16A838007FFDEE /* NSMenuItem+Additions.m */ = {isa = PBXFileReference; fileEncoding = 4; lastKnownFileType = sourcecode.c.objc; path = "NSMenuItem+Additions.m"; sourceTree = "<group>"; };
		C2B486FC1A16ABD7007FFDEE /* Images.xcassets */ = {isa = PBXFileReference; lastKnownFileType = folder.assetcatalog; path = Images.xcassets; sourceTree = "<group>"; };
		C2B487021A16B156007FFDEE /* MPLoginItems.h */ = {isa = PBXFileReference; fileEncoding = 4; lastKnownFileType = sourcecode.c.h; path = MPLoginItems.h; sourceTree = "<group>"; };
		C2B487031A16B156007FFDEE /* MPLoginItems.m */ = {isa = PBXFileReference; fileEncoding = 4; lastKnownFileType = sourcecode.c.objc; path = MPLoginItems.m; sourceTree = "<group>"; };
/* End PBXFileReference section */

/* Begin PBXFrameworksBuildPhase section */
		C2B486C21A168065007FFDEE /* Frameworks */ = {
			isa = PBXFrameworksBuildPhase;
			buildActionMask = 2147483647;
			files = (
			);
			runOnlyForDeploymentPostprocessing = 0;
		};
/* End PBXFrameworksBuildPhase section */

/* Begin PBXGroup section */
		C2B486BC1A168065007FFDEE = {
			isa = PBXGroup;
			children = (
				C2B486C71A168065007FFDEE /* ColdBrew */,
				C2B486C61A168065007FFDEE /* Products */,
			);
			indentWidth = 2;
			sourceTree = "<group>";
			tabWidth = 2;
			usesTabs = 0;
		};
		C2B486C61A168065007FFDEE /* Products */ = {
			isa = PBXGroup;
			children = (
				C2B486C51A168065007FFDEE /* ColdBrew.app */,
			);
			name = Products;
			sourceTree = "<group>";
		};
		C2B486C71A168065007FFDEE /* ColdBrew */ = {
			isa = PBXGroup;
			children = (
				C2B486CA1A168065007FFDEE /* AppDelegate.h */,
				C2B486CB1A168065007FFDEE /* AppDelegate.m */,
				C2B486E81A1680EC007FFDEE /* StatusItemController.h */,
				C2B486E91A1680EC007FFDEE /* StatusItemController.m */,
				C2B486EF1A16A838007FFDEE /* NSMenuItem+Additions.h */,
				C2B486F01A16A838007FFDEE /* NSMenuItem+Additions.m */,
				C2B487051A16B25E007FFDEE /* Vendor */,
				C2B486D11A168065007FFDEE /* MainMenu.xib */,
				C2B486FC1A16ABD7007FFDEE /* Images.xcassets */,
				C2B486C81A168065007FFDEE /* Supporting Files */,
			);
			path = ColdBrew;
			sourceTree = "<group>";
		};
		C2B486C81A168065007FFDEE /* Supporting Files */ = {
			isa = PBXGroup;
			children = (
				C2B486C91A168065007FFDEE /* Info.plist */,
				C2B486CD1A168065007FFDEE /* main.m */,
			);
			name = "Supporting Files";
			sourceTree = "<group>";
		};
		C2B487051A16B25E007FFDEE /* Vendor */ = {
			isa = PBXGroup;
			children = (
				C2B487021A16B156007FFDEE /* MPLoginItems.h */,
				C2B487031A16B156007FFDEE /* MPLoginItems.m */,
			);
			name = Vendor;
			sourceTree = "<group>";
		};
/* End PBXGroup section */

/* Begin PBXNativeTarget section */
		C2B486C41A168065007FFDEE /* ColdBrew */ = {
			isa = PBXNativeTarget;
			buildConfigurationList = C2B486E21A168065007FFDEE /* Build configuration list for PBXNativeTarget "ColdBrew" */;
			buildPhases = (
				C2B486C11A168065007FFDEE /* Sources */,
				C2B486C21A168065007FFDEE /* Frameworks */,
				C2B486C31A168065007FFDEE /* Resources */,
				BE7703DBF4ECDC7B9BD66316 /* Warn for TODO and FIXME comments */,
			);
			buildRules = (
			);
			dependencies = (
			);
			name = ColdBrew;
			productName = ColdBrew;
			productReference = C2B486C51A168065007FFDEE /* ColdBrew.app */;
			productType = "com.apple.product-type.application";
		};
/* End PBXNativeTarget section */

/* Begin PBXProject section */
		C2B486BD1A168065007FFDEE /* Project object */ = {
			isa = PBXProject;
			attributes = {
				LastUpgradeCheck = 0610;
				ORGANIZATIONNAME = "Keith Smiley";
				TargetAttributes = {
					C2B486C41A168065007FFDEE = {
						CreatedOnToolsVersion = 6.1;
					};
				};
			};
			buildConfigurationList = C2B486C01A168065007FFDEE /* Build configuration list for PBXProject "ColdBrew" */;
			compatibilityVersion = "Xcode 3.2";
			developmentRegion = English;
			hasScannedForEncodings = 0;
			knownRegions = (
				en,
				Base,
			);
			mainGroup = C2B486BC1A168065007FFDEE;
			productRefGroup = C2B486C61A168065007FFDEE /* Products */;
			projectDirPath = "";
			projectRoot = "";
			targets = (
				C2B486C41A168065007FFDEE /* ColdBrew */,
			);
		};
/* End PBXProject section */

/* Begin PBXResourcesBuildPhase section */
		C2B486C31A168065007FFDEE /* Resources */ = {
			isa = PBXResourcesBuildPhase;
			buildActionMask = 2147483647;
			files = (
				C2B486FD1A16ABD7007FFDEE /* Images.xcassets in Resources */,
				C2B486D31A168065007FFDEE /* MainMenu.xib in Resources */,
			);
			runOnlyForDeploymentPostprocessing = 0;
		};
/* End PBXResourcesBuildPhase section */

/* Begin PBXShellScriptBuildPhase section */
		BE7703DBF4ECDC7B9BD66316 /* Warn for TODO and FIXME comments */ = {
			isa = PBXShellScriptBuildPhase;
			buildActionMask = 2147483647;
			files = (
			);
			inputPaths = (
			);
			name = "Warn for TODO and FIXME comments";
			outputPaths = (
			);
			runOnlyForDeploymentPostprocessing = 0;
			shellPath = /bin/sh;
			shellScript = "KEYWORDS=\"TODO:|FIXME:|\\?\\?\\?:|\\!\\!\\!:\"\nFILE_EXTENSIONS=\"h|m|mm|c|cpp\"\nfind -E \"${SRCROOT}\" -ipath \"${SRCROOT}/pods\" -prune -o \\( -regex \".*\\.($FILE_EXTENSIONS)$\" \\) -print0 | xargs -0 egrep --with-filename --line-number --only-matching \"($KEYWORDS).*\\$\" | perl -p -e \"s/($KEYWORDS)/ warning: \\$1/\"\n";
		};
/* End PBXShellScriptBuildPhase section */

/* Begin PBXSourcesBuildPhase section */
		C2B486C11A168065007FFDEE /* Sources */ = {
			isa = PBXSourcesBuildPhase;
			buildActionMask = 2147483647;
			files = (
				C2B486F11A16A838007FFDEE /* NSMenuItem+Additions.m in Sources */,
				C2B486CE1A168065007FFDEE /* main.m in Sources */,
				C2B487041A16B156007FFDEE /* MPLoginItems.m in Sources */,
				C2B486EA1A1680EC007FFDEE /* StatusItemController.m in Sources */,
				C2B486CC1A168065007FFDEE /* AppDelegate.m in Sources */,
			);
			runOnlyForDeploymentPostprocessing = 0;
		};
/* End PBXSourcesBuildPhase section */

/* Begin PBXVariantGroup section */
		C2B486D11A168065007FFDEE /* MainMenu.xib */ = {
			isa = PBXVariantGroup;
			children = (
				C2B486D21A168065007FFDEE /* Base */,
			);
			name = MainMenu.xib;
			sourceTree = "<group>";
		};
/* End PBXVariantGroup section */

/* Begin XCBuildConfiguration section */
		C2B486E01A168065007FFDEE /* Debug */ = {
			isa = XCBuildConfiguration;
			buildSettings = {
				ALWAYS_SEARCH_USER_PATHS = NO;
				CLANG_CXX_LANGUAGE_STANDARD = "gnu++0x";
				CLANG_CXX_LIBRARY = "libc++";
				CLANG_ENABLE_MODULES = YES;
				CLANG_ENABLE_OBJC_ARC = YES;
				CLANG_WARN_BOOL_CONVERSION = YES;
				CLANG_WARN_CONSTANT_CONVERSION = YES;
				CLANG_WARN_DEPRECATED_OBJC_IMPLEMENTATIONS = YES;
				CLANG_WARN_DIRECT_OBJC_ISA_USAGE = YES_ERROR;
				CLANG_WARN_EMPTY_BODY = YES;
				CLANG_WARN_ENUM_CONVERSION = YES;
				CLANG_WARN_IMPLICIT_SIGN_CONVERSION = YES;
				CLANG_WARN_INT_CONVERSION = YES;
				CLANG_WARN_OBJC_IMPLICIT_RETAIN_SELF = YES;
				CLANG_WARN_OBJC_ROOT_CLASS = YES_ERROR;
				CLANG_WARN_SUSPICIOUS_IMPLICIT_CONVERSION = YES;
				CLANG_WARN_UNREACHABLE_CODE = YES;
				CLANG_WARN__DUPLICATE_METHOD_MATCH = YES;
				CODE_SIGN_IDENTITY = "-";
				COPY_PHASE_STRIP = NO;
				ENABLE_STRICT_OBJC_MSGSEND = YES;
				GCC_C_LANGUAGE_STANDARD = gnu99;
				GCC_DYNAMIC_NO_PIC = NO;
				GCC_OPTIMIZATION_LEVEL = 0;
				GCC_PREPROCESSOR_DEFINITIONS = (
					"DEBUG=1",
					"$(inherited)",
				);
				GCC_SYMBOLS_PRIVATE_EXTERN = NO;
				GCC_WARN_64_TO_32_BIT_CONVERSION = YES;
				GCC_WARN_ABOUT_DEPRECATED_FUNCTIONS = YES;
				GCC_WARN_ABOUT_MISSING_FIELD_INITIALIZERS = YES;
				GCC_WARN_ABOUT_MISSING_NEWLINE = YES;
				GCC_WARN_ABOUT_RETURN_TYPE = YES;
				GCC_WARN_CHECK_SWITCH_STATEMENTS = YES;
				GCC_WARN_INITIALIZER_NOT_FULLY_BRACKETED = YES;
				GCC_WARN_MISSING_PARENTHESES = YES;
				GCC_WARN_SHADOW = YES;
				GCC_WARN_SIGN_COMPARE = YES;
				GCC_WARN_TYPECHECK_CALLS_TO_PRINTF = YES;
				GCC_WARN_UNDECLARED_SELECTOR = YES;
				GCC_WARN_UNINITIALIZED_AUTOS = YES_AGGRESSIVE;
				GCC_WARN_UNUSED_FUNCTION = YES;
				GCC_WARN_UNUSED_LABEL = YES;
				GCC_WARN_UNUSED_VALUE = YES;
				GCC_WARN_UNUSED_VARIABLE = YES;
				MACOSX_DEPLOYMENT_TARGET = 10.10;
				MTL_ENABLE_DEBUG_INFO = YES;
				ONLY_ACTIVE_ARCH = YES;
				RUN_CLANG_STATIC_ANALYZER = YES;
				SDKROOT = macosx;
			};
			name = Debug;
		};
		C2B486E11A168065007FFDEE /* Release */ = {
			isa = XCBuildConfiguration;
			buildSettings = {
				ALWAYS_SEARCH_USER_PATHS = NO;
				CLANG_CXX_LANGUAGE_STANDARD = "gnu++0x";
				CLANG_CXX_LIBRARY = "libc++";
				CLANG_ENABLE_MODULES = YES;
				CLANG_ENABLE_OBJC_ARC = YES;
				CLANG_WARN_BOOL_CONVERSION = YES;
				CLANG_WARN_CONSTANT_CONVERSION = YES;
				CLANG_WARN_DEPRECATED_OBJC_IMPLEMENTATIONS = YES;
				CLANG_WARN_DIRECT_OBJC_ISA_USAGE = YES_ERROR;
				CLANG_WARN_EMPTY_BODY = YES;
				CLANG_WARN_ENUM_CONVERSION = YES;
				CLANG_WARN_IMPLICIT_SIGN_CONVERSION = YES;
				CLANG_WARN_INT_CONVERSION = YES;
				CLANG_WARN_OBJC_IMPLICIT_RETAIN_SELF = YES;
				CLANG_WARN_OBJC_ROOT_CLASS = YES_ERROR;
				CLANG_WARN_SUSPICIOUS_IMPLICIT_CONVERSION = YES;
				CLANG_WARN_UNREACHABLE_CODE = YES;
				CLANG_WARN__DUPLICATE_METHOD_MATCH = YES;
				CODE_SIGN_IDENTITY = "-";
				COPY_PHASE_STRIP = YES;
				DEBUG_INFORMATION_FORMAT = "dwarf-with-dsym";
				ENABLE_NS_ASSERTIONS = NO;
				ENABLE_STRICT_OBJC_MSGSEND = YES;
				GCC_C_LANGUAGE_STANDARD = gnu99;
				GCC_WARN_64_TO_32_BIT_CONVERSION = YES;
				GCC_WARN_ABOUT_DEPRECATED_FUNCTIONS = YES;
				GCC_WARN_ABOUT_MISSING_FIELD_INITIALIZERS = YES;
				GCC_WARN_ABOUT_MISSING_NEWLINE = YES;
				GCC_WARN_ABOUT_RETURN_TYPE = YES;
				GCC_WARN_CHECK_SWITCH_STATEMENTS = YES;
				GCC_WARN_INITIALIZER_NOT_FULLY_BRACKETED = YES;
				GCC_WARN_MISSING_PARENTHESES = YES;
				GCC_WARN_SHADOW = YES;
				GCC_WARN_SIGN_COMPARE = YES;
				GCC_WARN_TYPECHECK_CALLS_TO_PRINTF = YES;
				GCC_WARN_UNDECLARED_SELECTOR = YES;
				GCC_WARN_UNINITIALIZED_AUTOS = YES_AGGRESSIVE;
				GCC_WARN_UNUSED_FUNCTION = YES;
				GCC_WARN_UNUSED_LABEL = YES;
				GCC_WARN_UNUSED_VALUE = YES;
				GCC_WARN_UNUSED_VARIABLE = YES;
				MACOSX_DEPLOYMENT_TARGET = 10.10;
				MTL_ENABLE_DEBUG_INFO = NO;
				RUN_CLANG_STATIC_ANALYZER = YES;
				SDKROOT = macosx;
			};
			name = Release;
		};
		C2B486E31A168065007FFDEE /* Debug */ = {
			isa = XCBuildConfiguration;
			buildSettings = {
				ASSETCATALOG_COMPILER_APPICON_NAME = AppIcon;
				COMBINE_HIDPI_IMAGES = YES;
				INFOPLIST_FILE = ColdBrew/Info.plist;
				LD_RUNPATH_SEARCH_PATHS = "$(inherited) @executable_path/../Frameworks";
				PRODUCT_NAME = "$(TARGET_NAME)";
			};
			name = Debug;
		};
		C2B486E41A168065007FFDEE /* Release */ = {
			isa = XCBuildConfiguration;
			buildSettings = {
				ASSETCATALOG_COMPILER_APPICON_NAME = AppIcon;
				COMBINE_HIDPI_IMAGES = YES;
				GCC_TREAT_WARNINGS_AS_ERRORS = YES;
				INFOPLIST_FILE = ColdBrew/Info.plist;
				LD_RUNPATH_SEARCH_PATHS = "$(inherited) @executable_path/../Frameworks";
				PRODUCT_NAME = "$(TARGET_NAME)";
			};
			name = Release;
		};
/* End XCBuildConfiguration section */

/* Begin XCConfigurationList section */
		C2B486C01A168065007FFDEE /* Build configuration list for PBXProject "ColdBrew" */ = {
			isa = XCConfigurationList;
			buildConfigurations = (
				C2B486E01A168065007FFDEE /* Debug */,
				C2B486E11A168065007FFDEE /* Release */,
			);
			defaultConfigurationIsVisible = 0;
			defaultConfigurationName = Release;
		};
		C2B486E21A168065007FFDEE /* Build configuration list for PBXNativeTarget "ColdBrew" */ = {
			isa = XCConfigurationList;
			buildConfigurations = (
				C2B486E31A168065007FFDEE /* Debug */,
				C2B486E41A168065007FFDEE /* Release */,
			);
			defaultConfigurationIsVisible = 0;
			defaultConfigurationName = Release;
		};
/* End XCConfigurationList section */
	};
	rootObject = C2B486BD1A168065007FFDEE /* Project object */;
}
